
Microsoft Visual Studio Solution File, Format Version 12.00
# Visual Studio Version 17
VisualStudioVersion = 17.8.34322.80
MinimumVisualStudioVersion = 10.0.40219.1
Project("{FAE04EC0-301F-11D3-BF4B-00C04F79EFBC}") = "AmigoPago", "AmigoPago.csproj", "{87832E85-F935-41BB-A42E-314664BEFF0B}"
EndProject
Global
	GlobalSection(SolutionConfigurationPlatforms) = preSolution
		Debug|Any CPU = Debug|Any CPU
		Release|Any CPU = Release|Any CPU
	EndGlobalSection
	GlobalSection(ProjectConfigurationPlatforms) = postSolution
		{87832E85-F935-41BB-A42E-314664BEFF0B}.Debug|Any CPU.ActiveCfg = Debug|Any CPU
		{87832E85-F935-41BB-A42E-314664BEFF0B}.Debug|Any CPU.Build.0 = Debug|Any CPU
		{87832E85-F935-41BB-A42E-314664BEFF0B}.Debug|Any CPU.Deploy.0 = Debug|Any CPU
		{87832E85-F935-41BB-A42E-314664BEFF0B}.Release|Any CPU.ActiveCfg = Release|Any CPU
		{87832E85-F935-41BB-A42E-314664BEFF0B}.Release|Any CPU.Build.0 = Release|Any CPU
		{87832E85-F935-41BB-A42E-314664BEFF0B}.Release|Any CPU.Deploy.0 = Release|Any CPU
	EndGlobalSection
	GlobalSection(SolutionProperties) = preSolution
		HideSolutionNode = FALSE
	EndGlobalSection
	GlobalSection(ExtensibilityGlobals) = postSolution
		SolutionGuid = {4740A7A8-D437-4348-A75C-61E17F32AF5D}
	EndGlobalSection
EndGlobal
